// !$*UTF8*$!
{
	archiveVersion = 1;
	classes = {
	};
	objectVersion = 46;
	objects = {

/* Begin PBXBuildFile section */
		27EFEE3BBE456190E0A58362 /* libPods-ClassAct.a in Frameworks */ = {isa = PBXBuildFile; fileRef = D5D7333FA65AE41E5F4457FA /* libPods-ClassAct.a */; };
		438E782A1D26CE1000191F71 /* Main.storyboard in Resources */ = {isa = PBXBuildFile; fileRef = 438E78291D26CE1000191F71 /* Main.storyboard */; };
		43920DE61D22CF1400C6FE12 /* RearViewMenuControllerTableViewController.m in Sources */ = {isa = PBXBuildFile; fileRef = 43920DE51D22CF1400C6FE12 /* RearViewMenuControllerTableViewController.m */; };
		43920DE91D22CFE500C6FE12 /* AgendaMainViewController.m in Sources */ = {isa = PBXBuildFile; fileRef = 43920DE81D22CFE500C6FE12 /* AgendaMainViewController.m */; };
		43920DF01D22ECBE00C6FE12 /* LogInViewController.m in Sources */ = {isa = PBXBuildFile; fileRef = 43920DEF1D22ECBE00C6FE12 /* LogInViewController.m */; };
		43920DF31D230D7C00C6FE12 /* SWRevealViewController.m in Sources */ = {isa = PBXBuildFile; fileRef = 43920DF21D230D7C00C6FE12 /* SWRevealViewController.m */; };
		43AF8C6C1D2ED0130049D0E3 /* GoogleService-Info.plist in Resources */ = {isa = PBXBuildFile; fileRef = 43AF8C6B1D2ED0130049D0E3 /* GoogleService-Info.plist */; };
		43AF8C741D2EE3C30049D0E3 /* Calendar.m in Sources */ = {isa = PBXBuildFile; fileRef = 43AF8C731D2EE3C30049D0E3 /* Calendar.m */; };
		43AF8C771D2EE5D80049D0E3 /* Event.m in Sources */ = {isa = PBXBuildFile; fileRef = 43AF8C761D2EE5D80049D0E3 /* Event.m */; };
		43AF8C7A1D2FF5BB0049D0E3 /* EventViewController.m in Sources */ = {isa = PBXBuildFile; fileRef = 43AF8C791D2FF5BB0049D0E3 /* EventViewController.m */; };
		43BFD1401D258CFF00F58EBF /* ProfileViewController.m in Sources */ = {isa = PBXBuildFile; fileRef = 43BFD13F1D258CFF00F58EBF /* ProfileViewController.m */; };
		43BFD1431D258D4300F58EBF /* CalenderViewController.m in Sources */ = {isa = PBXBuildFile; fileRef = 43BFD1421D258D4300F58EBF /* CalenderViewController.m */; };
		43BFD1491D258E0F00F58EBF /* ClassesViewController.m in Sources */ = {isa = PBXBuildFile; fileRef = 43BFD1481D258E0F00F58EBF /* ClassesViewController.m */; };
		43C56D801D216B6200C56ECC /* main.m in Sources */ = {isa = PBXBuildFile; fileRef = 43C56D7F1D216B6200C56ECC /* main.m */; };
		43C56D831D216B6200C56ECC /* AppDelegate.m in Sources */ = {isa = PBXBuildFile; fileRef = 43C56D821D216B6200C56ECC /* AppDelegate.m */; };
		43C56D8B1D216B6200C56ECC /* Assets.xcassets in Resources */ = {isa = PBXBuildFile; fileRef = 43C56D8A1D216B6200C56ECC /* Assets.xcassets */; };
		43C56D8E1D216B6200C56ECC /* LaunchScreen.storyboard in Resources */ = {isa = PBXBuildFile; fileRef = 43C56D8C1D216B6200C56ECC /* LaunchScreen.storyboard */; };
		43D0EB3F1D2A04C1001E6A5E /* ChatViewController.m in Sources */ = {isa = PBXBuildFile; fileRef = 43D0EB3E1D2A04C1001E6A5E /* ChatViewController.m */; };
		87301EDF1D244A00006F63AF /* FileStorageViewController.m in Sources */ = {isa = PBXBuildFile; fileRef = 87301EDE1D244A00006F63AF /* FileStorageViewController.m */; };
/* End PBXBuildFile section */

/* Begin PBXFileReference section */
		438E78291D26CE1000191F71 /* Main.storyboard */ = {isa = PBXFileReference; fileEncoding = 4; lastKnownFileType = file.storyboard; name = Main.storyboard; path = Base.lproj/Main.storyboard; sourceTree = "<group>"; };
		43920DE41D22CF1400C6FE12 /* RearViewMenuControllerTableViewController.h */ = {isa = PBXFileReference; fileEncoding = 4; lastKnownFileType = sourcecode.c.h; path = RearViewMenuControllerTableViewController.h; sourceTree = "<group>"; };
		43920DE51D22CF1400C6FE12 /* RearViewMenuControllerTableViewController.m */ = {isa = PBXFileReference; fileEncoding = 4; lastKnownFileType = sourcecode.c.objc; path = RearViewMenuControllerTableViewController.m; sourceTree = "<group>"; };
		43920DE71D22CFE500C6FE12 /* AgendaMainViewController.h */ = {isa = PBXFileReference; fileEncoding = 4; lastKnownFileType = sourcecode.c.h; path = AgendaMainViewController.h; sourceTree = "<group>"; };
		43920DE81D22CFE500C6FE12 /* AgendaMainViewController.m */ = {isa = PBXFileReference; fileEncoding = 4; lastKnownFileType = sourcecode.c.objc; path = AgendaMainViewController.m; sourceTree = "<group>"; };
		43920DEE1D22ECBE00C6FE12 /* LogInViewController.h */ = {isa = PBXFileReference; fileEncoding = 4; lastKnownFileType = sourcecode.c.h; path = LogInViewController.h; sourceTree = "<group>"; };
		43920DEF1D22ECBE00C6FE12 /* LogInViewController.m */ = {isa = PBXFileReference; fileEncoding = 4; lastKnownFileType = sourcecode.c.objc; path = LogInViewController.m; sourceTree = "<group>"; };
		43920DF11D230D7400C6FE12 /* SWRevealViewController.h */ = {isa = PBXFileReference; fileEncoding = 4; lastKnownFileType = sourcecode.c.h; path = SWRevealViewController.h; sourceTree = "<group>"; };
		43920DF21D230D7C00C6FE12 /* SWRevealViewController.m */ = {isa = PBXFileReference; fileEncoding = 4; lastKnownFileType = sourcecode.c.objc; path = SWRevealViewController.m; sourceTree = "<group>"; };
		43AF8C6B1D2ED0130049D0E3 /* GoogleService-Info.plist */ = {isa = PBXFileReference; fileEncoding = 4; lastKnownFileType = text.plist.xml; path = "GoogleService-Info.plist"; sourceTree = "<group>"; };
		43AF8C721D2EE3C30049D0E3 /* Calendar.h */ = {isa = PBXFileReference; fileEncoding = 4; lastKnownFileType = sourcecode.c.h; name = Calendar.h; path = ../Calendar.h; sourceTree = "<group>"; };
		43AF8C731D2EE3C30049D0E3 /* Calendar.m */ = {isa = PBXFileReference; fileEncoding = 4; lastKnownFileType = sourcecode.c.objc; name = Calendar.m; path = ../Calendar.m; sourceTree = "<group>"; };
		43AF8C751D2EE5D80049D0E3 /* Event.h */ = {isa = PBXFileReference; fileEncoding = 4; lastKnownFileType = sourcecode.c.h; path = Event.h; sourceTree = "<group>"; };
		43AF8C761D2EE5D80049D0E3 /* Event.m */ = {isa = PBXFileReference; fileEncoding = 4; lastKnownFileType = sourcecode.c.objc; path = Event.m; sourceTree = "<group>"; };
		43AF8C781D2FF5BB0049D0E3 /* EventViewController.h */ = {isa = PBXFileReference; fileEncoding = 4; lastKnownFileType = sourcecode.c.h; path = EventViewController.h; sourceTree = "<group>"; };
		43AF8C791D2FF5BB0049D0E3 /* EventViewController.m */ = {isa = PBXFileReference; fileEncoding = 4; lastKnownFileType = sourcecode.c.objc; path = EventViewController.m; sourceTree = "<group>"; };
		43BFD13E1D258CFF00F58EBF /* ProfileViewController.h */ = {isa = PBXFileReference; fileEncoding = 4; lastKnownFileType = sourcecode.c.h; path = ProfileViewController.h; sourceTree = "<group>"; };
		43BFD13F1D258CFF00F58EBF /* ProfileViewController.m */ = {isa = PBXFileReference; fileEncoding = 4; lastKnownFileType = sourcecode.c.objc; path = ProfileViewController.m; sourceTree = "<group>"; };
		43BFD1411D258D4300F58EBF /* CalenderViewController.h */ = {isa = PBXFileReference; fileEncoding = 4; lastKnownFileType = sourcecode.c.h; path = CalenderViewController.h; sourceTree = "<group>"; };
		43BFD1421D258D4300F58EBF /* CalenderViewController.m */ = {isa = PBXFileReference; fileEncoding = 4; lastKnownFileType = sourcecode.c.objc; path = CalenderViewController.m; sourceTree = "<group>"; };
		43BFD1471D258E0F00F58EBF /* ClassesViewController.h */ = {isa = PBXFileReference; fileEncoding = 4; lastKnownFileType = sourcecode.c.h; path = ClassesViewController.h; sourceTree = "<group>"; };
		43BFD1481D258E0F00F58EBF /* ClassesViewController.m */ = {isa = PBXFileReference; fileEncoding = 4; lastKnownFileType = sourcecode.c.objc; path = ClassesViewController.m; sourceTree = "<group>"; };
		43C56D7B1D216B6200C56ECC /* ClassAct.app */ = {isa = PBXFileReference; explicitFileType = wrapper.application; includeInIndex = 0; path = ClassAct.app; sourceTree = BUILT_PRODUCTS_DIR; };
		43C56D7F1D216B6200C56ECC /* main.m */ = {isa = PBXFileReference; lastKnownFileType = sourcecode.c.objc; path = main.m; sourceTree = "<group>"; };
		43C56D811D216B6200C56ECC /* AppDelegate.h */ = {isa = PBXFileReference; lastKnownFileType = sourcecode.c.h; path = AppDelegate.h; sourceTree = "<group>"; };
		43C56D821D216B6200C56ECC /* AppDelegate.m */ = {isa = PBXFileReference; lastKnownFileType = sourcecode.c.objc; path = AppDelegate.m; sourceTree = "<group>"; };
		43C56D8A1D216B6200C56ECC /* Assets.xcassets */ = {isa = PBXFileReference; lastKnownFileType = folder.assetcatalog; path = Assets.xcassets; sourceTree = "<group>"; };
		43C56D8D1D216B6200C56ECC /* Base */ = {isa = PBXFileReference; lastKnownFileType = file.storyboard; name = Base; path = Base.lproj/LaunchScreen.storyboard; sourceTree = "<group>"; };
		43C56D8F1D216B6200C56ECC /* Info.plist */ = {isa = PBXFileReference; lastKnownFileType = text.plist.xml; path = Info.plist; sourceTree = "<group>"; };
		43D0EB3D1D2A04C1001E6A5E /* ChatViewController.h */ = {isa = PBXFileReference; fileEncoding = 4; lastKnownFileType = sourcecode.c.h; path = ChatViewController.h; sourceTree = "<group>"; };
		43D0EB3E1D2A04C1001E6A5E /* ChatViewController.m */ = {isa = PBXFileReference; fileEncoding = 4; lastKnownFileType = sourcecode.c.objc; path = ChatViewController.m; sourceTree = "<group>"; };
		4D50ED509BC56FCEBB8F9928 /* Pods-ClassAct.release.xcconfig */ = {isa = PBXFileReference; includeInIndex = 1; lastKnownFileType = text.xcconfig; name = "Pods-ClassAct.release.xcconfig"; path = "Pods/Target Support Files/Pods-ClassAct/Pods-ClassAct.release.xcconfig"; sourceTree = "<group>"; };
		87301EDD1D244A00006F63AF /* FileStorageViewController.h */ = {isa = PBXFileReference; fileEncoding = 4; lastKnownFileType = sourcecode.c.h; path = FileStorageViewController.h; sourceTree = "<group>"; };
		87301EDE1D244A00006F63AF /* FileStorageViewController.m */ = {isa = PBXFileReference; fileEncoding = 4; lastKnownFileType = sourcecode.c.objc; path = FileStorageViewController.m; sourceTree = "<group>"; };
		D5D7333FA65AE41E5F4457FA /* libPods-ClassAct.a */ = {isa = PBXFileReference; explicitFileType = archive.ar; includeInIndex = 0; path = "libPods-ClassAct.a"; sourceTree = BUILT_PRODUCTS_DIR; };
		EB2DAE71A68E18C2018415FD /* Pods-ClassAct.debug.xcconfig */ = {isa = PBXFileReference; includeInIndex = 1; lastKnownFileType = text.xcconfig; name = "Pods-ClassAct.debug.xcconfig"; path = "Pods/Target Support Files/Pods-ClassAct/Pods-ClassAct.debug.xcconfig"; sourceTree = "<group>"; };
/* End PBXFileReference section */

/* Begin PBXFrameworksBuildPhase section */
		43C56D781D216B6200C56ECC /* Frameworks */ = {
			isa = PBXFrameworksBuildPhase;
			buildActionMask = 2147483647;
			files = (
				27EFEE3BBE456190E0A58362 /* libPods-ClassAct.a in Frameworks */,
			);
			runOnlyForDeploymentPostprocessing = 0;
		};
/* End PBXFrameworksBuildPhase section */

/* Begin PBXGroup section */
		411451ACF6E8AA21B6B56282 /* Frameworks */ = {
			isa = PBXGroup;
			children = (
				D5D7333FA65AE41E5F4457FA /* libPods-ClassAct.a */,
			);
			name = Frameworks;
			sourceTree = "<group>";
		};
		43AF8C6D1D2EE2B70049D0E3 /* Controllers */ = {
			isa = PBXGroup;
			children = (
				43D0EB3D1D2A04C1001E6A5E /* ChatViewController.h */,
				43D0EB3E1D2A04C1001E6A5E /* ChatViewController.m */,
				43C56D811D216B6200C56ECC /* AppDelegate.h */,
				43C56D821D216B6200C56ECC /* AppDelegate.m */,
				43BFD1471D258E0F00F58EBF /* ClassesViewController.h */,
				43BFD1481D258E0F00F58EBF /* ClassesViewController.m */,
				43BFD1411D258D4300F58EBF /* CalenderViewController.h */,
				43BFD1421D258D4300F58EBF /* CalenderViewController.m */,
				43AF8C781D2FF5BB0049D0E3 /* EventViewController.h */,
				43AF8C791D2FF5BB0049D0E3 /* EventViewController.m */,
				43BFD13E1D258CFF00F58EBF /* ProfileViewController.h */,
				43BFD13F1D258CFF00F58EBF /* ProfileViewController.m */,
				43920DEE1D22ECBE00C6FE12 /* LogInViewController.h */,
				43920DEF1D22ECBE00C6FE12 /* LogInViewController.m */,
				43920DF21D230D7C00C6FE12 /* SWRevealViewController.m */,
				43920DF11D230D7400C6FE12 /* SWRevealViewController.h */,
				43920DE71D22CFE500C6FE12 /* AgendaMainViewController.h */,
				43920DE81D22CFE500C6FE12 /* AgendaMainViewController.m */,
				43920DE41D22CF1400C6FE12 /* RearViewMenuControllerTableViewController.h */,
				43920DE51D22CF1400C6FE12 /* RearViewMenuControllerTableViewController.m */,
				87301EDD1D244A00006F63AF /* FileStorageViewController.h */,
				87301EDE1D244A00006F63AF /* FileStorageViewController.m */,
			);
			name = Controllers;
			sourceTree = "<group>";
		};
		43AF8C711D2EE2DF0049D0E3 /* Models */ = {
			isa = PBXGroup;
			children = (
				43AF8C721D2EE3C30049D0E3 /* Calendar.h */,
				43AF8C731D2EE3C30049D0E3 /* Calendar.m */,
				43AF8C751D2EE5D80049D0E3 /* Event.h */,
				43AF8C761D2EE5D80049D0E3 /* Event.m */,
			);
			name = Models;
			sourceTree = "<group>";
		};
		43C56D721D216B6200C56ECC = {
			isa = PBXGroup;
			children = (
				43C56D7D1D216B6200C56ECC /* ClassAct */,
				43C56D7C1D216B6200C56ECC /* Products */,
				A98B8B3B5DB4583B06C24E36 /* Pods */,
				411451ACF6E8AA21B6B56282 /* Frameworks */,
			);
			sourceTree = "<group>";
		};
		43C56D7C1D216B6200C56ECC /* Products */ = {
			isa = PBXGroup;
			children = (
				43C56D7B1D216B6200C56ECC /* ClassAct.app */,
			);
			name = Products;
			sourceTree = "<group>";
		};
		43C56D7D1D216B6200C56ECC /* ClassAct */ = {
			isa = PBXGroup;
			children = (
				438E78291D26CE1000191F71 /* Main.storyboard */,
				43AF8C711D2EE2DF0049D0E3 /* Models */,
				43AF8C6D1D2EE2B70049D0E3 /* Controllers */,
				43C56D8A1D216B6200C56ECC /* Assets.xcassets */,
				43C56D8C1D216B6200C56ECC /* LaunchScreen.storyboard */,
				43C56D8F1D216B6200C56ECC /* Info.plist */,
				43AF8C6B1D2ED0130049D0E3 /* GoogleService-Info.plist */,
				43C56D7E1D216B6200C56ECC /* Supporting Files */,
			);
			path = ClassAct;
			sourceTree = "<group>";
		};
		43C56D7E1D216B6200C56ECC /* Supporting Files */ = {
			isa = PBXGroup;
			children = (
				43C56D7F1D216B6200C56ECC /* main.m */,
			);
			name = "Supporting Files";
			sourceTree = "<group>";
		};
		A98B8B3B5DB4583B06C24E36 /* Pods */ = {
			isa = PBXGroup;
			children = (
				EB2DAE71A68E18C2018415FD /* Pods-ClassAct.debug.xcconfig */,
				4D50ED509BC56FCEBB8F9928 /* Pods-ClassAct.release.xcconfig */,
			);
			name = Pods;
			sourceTree = "<group>";
		};
/* End PBXGroup section */

/* Begin PBXNativeTarget section */
		43C56D7A1D216B6200C56ECC /* ClassAct */ = {
			isa = PBXNativeTarget;
			buildConfigurationList = 43C56D921D216B6200C56ECC /* Build configuration list for PBXNativeTarget "ClassAct" */;
			buildPhases = (
				D21DE602B043C2B21EA23DE6 /* 📦 Check Pods Manifest.lock */,
				928635A2477C213B4545596E /* [CP] Check Pods Manifest.lock */,
				C88C385805C8FEF237E6F1DC /* [CP] Check Pods Manifest.lock */,
				2851110C3412B2FD2C0ED8BA /* [CP] Check Pods Manifest.lock */,
				8A27B02225504A7302E0C365 /* [CP] Check Pods Manifest.lock */,
				C782E3BB52FE29E5CD48FD57 /* [CP] Check Pods Manifest.lock */,
				7DCD69196DCECBF47BB0B9AF /* [CP] Check Pods Manifest.lock */,
				43C56D771D216B6200C56ECC /* Sources */,
				43C56D781D216B6200C56ECC /* Frameworks */,
				43C56D791D216B6200C56ECC /* Resources */,
				D75E0A64D588E5E7D841CEFC /* [CP] Embed Pods Frameworks */,
				FD34A9C8D3B2270C3435AB61 /* [CP] Copy Pods Resources */,
				9A53BF119FB04DCB45945E17 /* 📦 Embed Pods Frameworks */,
				0374BB550564B0C4876A782C /* 📦 Copy Pods Resources */,
			);
			buildRules = (
			);
			dependencies = (
			);
			name = ClassAct;
			productName = ClassAct;
			productReference = 43C56D7B1D216B6200C56ECC /* ClassAct.app */;
			productType = "com.apple.product-type.application";
		};
/* End PBXNativeTarget section */

/* Begin PBXProject section */
		43C56D731D216B6200C56ECC /* Project object */ = {
			isa = PBXProject;
			attributes = {
				LastUpgradeCheck = 0730;
				ORGANIZATIONNAME = "Detroit Labs";
				TargetAttributes = {
					43C56D7A1D216B6200C56ECC = {
						CreatedOnToolsVersion = 7.3.1;
						DevelopmentTeam = Y8HPQJ2257;
					};
				};
			};
			buildConfigurationList = 43C56D761D216B6200C56ECC /* Build configuration list for PBXProject "ClassAct" */;
			compatibilityVersion = "Xcode 3.2";
			developmentRegion = English;
			hasScannedForEncodings = 0;
			knownRegions = (
				en,
				Base,
			);
			mainGroup = 43C56D721D216B6200C56ECC;
			productRefGroup = 43C56D7C1D216B6200C56ECC /* Products */;
			projectDirPath = "";
			projectRoot = "";
			targets = (
				43C56D7A1D216B6200C56ECC /* ClassAct */,
			);
		};
/* End PBXProject section */

/* Begin PBXResourcesBuildPhase section */
		43C56D791D216B6200C56ECC /* Resources */ = {
			isa = PBXResourcesBuildPhase;
			buildActionMask = 2147483647;
			files = (
				43C56D8E1D216B6200C56ECC /* LaunchScreen.storyboard in Resources */,
				43AF8C6C1D2ED0130049D0E3 /* GoogleService-Info.plist in Resources */,
				43C56D8B1D216B6200C56ECC /* Assets.xcassets in Resources */,
				438E782A1D26CE1000191F71 /* Main.storyboard in Resources */,
			);
			runOnlyForDeploymentPostprocessing = 0;
		};
/* End PBXResourcesBuildPhase section */

/* Begin PBXShellScriptBuildPhase section */
		0374BB550564B0C4876A782C /* 📦 Copy Pods Resources */ = {
			isa = PBXShellScriptBuildPhase;
			buildActionMask = 2147483647;
			files = (
			);
			inputPaths = (
			);
			name = "📦 Copy Pods Resources";
			outputPaths = (
			);
			runOnlyForDeploymentPostprocessing = 0;
			shellPath = /bin/sh;
			shellScript = "\"${SRCROOT}/Pods/Target Support Files/Pods-ClassAct/Pods-ClassAct-resources.sh\"\n";
			showEnvVarsInLog = 0;
		};
		2851110C3412B2FD2C0ED8BA /* [CP] Check Pods Manifest.lock */ = {
			isa = PBXShellScriptBuildPhase;
			buildActionMask = 2147483647;
			files = (
			);
			inputPaths = (
			);
			name = "[CP] Check Pods Manifest.lock";
			outputPaths = (
			);
			runOnlyForDeploymentPostprocessing = 0;
			shellPath = /bin/sh;
			shellScript = "diff \"${PODS_ROOT}/../Podfile.lock\" \"${PODS_ROOT}/Manifest.lock\" > /dev/null\nif [[ $? != 0 ]] ; then\n    cat << EOM\nerror: The sandbox is not in sync with the Podfile.lock. Run 'pod install' or update your CocoaPods installation.\nEOM\n    exit 1\nfi\n";
			showEnvVarsInLog = 0;
		};
		7DCD69196DCECBF47BB0B9AF /* [CP] Check Pods Manifest.lock */ = {
			isa = PBXShellScriptBuildPhase;
			buildActionMask = 2147483647;
			files = (
			);
			inputPaths = (
			);
			name = "[CP] Check Pods Manifest.lock";
			outputPaths = (
			);
			runOnlyForDeploymentPostprocessing = 0;
			shellPath = /bin/sh;
			shellScript = "diff \"${PODS_ROOT}/../Podfile.lock\" \"${PODS_ROOT}/Manifest.lock\" > /dev/null\nif [[ $? != 0 ]] ; then\n    cat << EOM\nerror: The sandbox is not in sync with the Podfile.lock. Run 'pod install' or update your CocoaPods installation.\nEOM\n    exit 1\nfi\n";
			showEnvVarsInLog = 0;
		};
		8A27B02225504A7302E0C365 /* [CP] Check Pods Manifest.lock */ = {
			isa = PBXShellScriptBuildPhase;
			buildActionMask = 2147483647;
			files = (
			);
			inputPaths = (
			);
			name = "[CP] Check Pods Manifest.lock";
			outputPaths = (
			);
			runOnlyForDeploymentPostprocessing = 0;
			shellPath = /bin/sh;
			shellScript = "diff \"${PODS_ROOT}/../Podfile.lock\" \"${PODS_ROOT}/Manifest.lock\" > /dev/null\nif [[ $? != 0 ]] ; then\n    cat << EOM\nerror: The sandbox is not in sync with the Podfile.lock. Run 'pod install' or update your CocoaPods installation.\nEOM\n    exit 1\nfi\n";
			showEnvVarsInLog = 0;
		};
		928635A2477C213B4545596E /* [CP] Check Pods Manifest.lock */ = {
			isa = PBXShellScriptBuildPhase;
			buildActionMask = 2147483647;
			files = (
			);
			inputPaths = (
			);
			name = "[CP] Check Pods Manifest.lock";
			outputPaths = (
			);
			runOnlyForDeploymentPostprocessing = 0;
			shellPath = /bin/sh;
			shellScript = "diff \"${PODS_ROOT}/../Podfile.lock\" \"${PODS_ROOT}/Manifest.lock\" > /dev/null\nif [[ $? != 0 ]] ; then\n    cat << EOM\nerror: The sandbox is not in sync with the Podfile.lock. Run 'pod install' or update your CocoaPods installation.\nEOM\n    exit 1\nfi\n";
			showEnvVarsInLog = 0;
		};
		9A53BF119FB04DCB45945E17 /* 📦 Embed Pods Frameworks */ = {
			isa = PBXShellScriptBuildPhase;
			buildActionMask = 2147483647;
			files = (
			);
			inputPaths = (
			);
			name = "📦 Embed Pods Frameworks";
			outputPaths = (
			);
			runOnlyForDeploymentPostprocessing = 0;
			shellPath = /bin/sh;
			shellScript = "\"${SRCROOT}/Pods/Target Support Files/Pods-ClassAct/Pods-ClassAct-frameworks.sh\"\n";
			showEnvVarsInLog = 0;
		};
		C782E3BB52FE29E5CD48FD57 /* [CP] Check Pods Manifest.lock */ = {
			isa = PBXShellScriptBuildPhase;
			buildActionMask = 2147483647;
			files = (
			);
			inputPaths = (
			);
			name = "[CP] Check Pods Manifest.lock";
			outputPaths = (
			);
			runOnlyForDeploymentPostprocessing = 0;
			shellPath = /bin/sh;
			shellScript = "diff \"${PODS_ROOT}/../Podfile.lock\" \"${PODS_ROOT}/Manifest.lock\" > /dev/null\nif [[ $? != 0 ]] ; then\n    cat << EOM\nerror: The sandbox is not in sync with the Podfile.lock. Run 'pod install' or update your CocoaPods installation.\nEOM\n    exit 1\nfi\n";
			showEnvVarsInLog = 0;
		};
		C88C385805C8FEF237E6F1DC /* [CP] Check Pods Manifest.lock */ = {
			isa = PBXShellScriptBuildPhase;
			buildActionMask = 2147483647;
			files = (
			);
			inputPaths = (
			);
			name = "[CP] Check Pods Manifest.lock";
			outputPaths = (
			);
			runOnlyForDeploymentPostprocessing = 0;
			shellPath = /bin/sh;
			shellScript = "diff \"${PODS_ROOT}/../Podfile.lock\" \"${PODS_ROOT}/Manifest.lock\" > /dev/null\nif [[ $? != 0 ]] ; then\n    cat << EOM\nerror: The sandbox is not in sync with the Podfile.lock. Run 'pod install' or update your CocoaPods installation.\nEOM\n    exit 1\nfi\n";
			showEnvVarsInLog = 0;
		};
		D21DE602B043C2B21EA23DE6 /* 📦 Check Pods Manifest.lock */ = {
			isa = PBXShellScriptBuildPhase;
			buildActionMask = 2147483647;
			files = (
			);
			inputPaths = (
			);
			name = "📦 Check Pods Manifest.lock";
			outputPaths = (
			);
			runOnlyForDeploymentPostprocessing = 0;
			shellPath = /bin/sh;
			shellScript = "diff \"${PODS_ROOT}/../Podfile.lock\" \"${PODS_ROOT}/Manifest.lock\" > /dev/null\nif [[ $? != 0 ]] ; then\n    cat << EOM\nerror: The sandbox is not in sync with the Podfile.lock. Run 'pod install' or update your CocoaPods installation.\nEOM\n    exit 1\nfi\n";
			showEnvVarsInLog = 0;
		};
		D75E0A64D588E5E7D841CEFC /* [CP] Embed Pods Frameworks */ = {
			isa = PBXShellScriptBuildPhase;
			buildActionMask = 2147483647;
			files = (
			);
			inputPaths = (
			);
			name = "[CP] Embed Pods Frameworks";
			outputPaths = (
			);
			runOnlyForDeploymentPostprocessing = 0;
			shellPath = /bin/sh;
			shellScript = "\"${SRCROOT}/Pods/Target Support Files/Pods-ClassAct/Pods-ClassAct-frameworks.sh\"\n";
			showEnvVarsInLog = 0;
		};
		FD34A9C8D3B2270C3435AB61 /* [CP] Copy Pods Resources */ = {
			isa = PBXShellScriptBuildPhase;
			buildActionMask = 2147483647;
			files = (
			);
			inputPaths = (
			);
			name = "[CP] Copy Pods Resources";
			outputPaths = (
			);
			runOnlyForDeploymentPostprocessing = 0;
			shellPath = /bin/sh;
			shellScript = "\"${SRCROOT}/Pods/Target Support Files/Pods-ClassAct/Pods-ClassAct-resources.sh\"\n";
			showEnvVarsInLog = 0;
		};
/* End PBXShellScriptBuildPhase section */

/* Begin PBXSourcesBuildPhase section */
		43C56D771D216B6200C56ECC /* Sources */ = {
			isa = PBXSourcesBuildPhase;
			buildActionMask = 2147483647;
			files = (
				43920DF01D22ECBE00C6FE12 /* LogInViewController.m in Sources */,
				43BFD1431D258D4300F58EBF /* CalenderViewController.m in Sources */,
				43D0EB3F1D2A04C1001E6A5E /* ChatViewController.m in Sources */,
				43AF8C7A1D2FF5BB0049D0E3 /* EventViewController.m in Sources */,
				43AF8C771D2EE5D80049D0E3 /* Event.m in Sources */,
				43AF8C741D2EE3C30049D0E3 /* Calendar.m in Sources */,
				43C56D831D216B6200C56ECC /* AppDelegate.m in Sources */,
				43BFD1401D258CFF00F58EBF /* ProfileViewController.m in Sources */,
				87301EDF1D244A00006F63AF /* FileStorageViewController.m in Sources */,
				43920DF31D230D7C00C6FE12 /* SWRevealViewController.m in Sources */,
				43C56D801D216B6200C56ECC /* main.m in Sources */,
				43BFD1491D258E0F00F58EBF /* ClassesViewController.m in Sources */,
				43920DE91D22CFE500C6FE12 /* AgendaMainViewController.m in Sources */,
				43920DE61D22CF1400C6FE12 /* RearViewMenuControllerTableViewController.m in Sources */,
			);
			runOnlyForDeploymentPostprocessing = 0;
		};
/* End PBXSourcesBuildPhase section */

/* Begin PBXVariantGroup section */
		43C56D8C1D216B6200C56ECC /* LaunchScreen.storyboard */ = {
			isa = PBXVariantGroup;
			children = (
				43C56D8D1D216B6200C56ECC /* Base */,
			);
			name = LaunchScreen.storyboard;
			sourceTree = "<group>";
		};
/* End PBXVariantGroup section */

/* Begin XCBuildConfiguration section */
		43C56D901D216B6200C56ECC /* Debug */ = {
			isa = XCBuildConfiguration;
			buildSettings = {
				ALWAYS_SEARCH_USER_PATHS = NO;
				CLANG_ANALYZER_NONNULL = YES;
				CLANG_CXX_LANGUAGE_STANDARD = "gnu++0x";
				CLANG_CXX_LIBRARY = "libc++";
				CLANG_ENABLE_MODULES = YES;
				CLANG_ENABLE_OBJC_ARC = YES;
				CLANG_WARN_BOOL_CONVERSION = YES;
				CLANG_WARN_CONSTANT_CONVERSION = YES;
				CLANG_WARN_DIRECT_OBJC_ISA_USAGE = YES_ERROR;
				CLANG_WARN_EMPTY_BODY = YES;
				CLANG_WARN_ENUM_CONVERSION = YES;
				CLANG_WARN_INT_CONVERSION = YES;
				CLANG_WARN_OBJC_ROOT_CLASS = YES_ERROR;
				CLANG_WARN_UNREACHABLE_CODE = YES;
				CLANG_WARN__DUPLICATE_METHOD_MATCH = YES;
				"CODE_SIGN_IDENTITY[sdk=iphoneos*]" = "iPhone Developer";
				COPY_PHASE_STRIP = NO;
				DEBUG_INFORMATION_FORMAT = dwarf;
				ENABLE_STRICT_OBJC_MSGSEND = YES;
				ENABLE_TESTABILITY = YES;
				GCC_C_LANGUAGE_STANDARD = gnu99;
				GCC_DYNAMIC_NO_PIC = NO;
				GCC_NO_COMMON_BLOCKS = YES;
				GCC_OPTIMIZATION_LEVEL = 0;
				GCC_PREPROCESSOR_DEFINITIONS = (
					"DEBUG=1",
					"$(inherited)",
				);
				GCC_WARN_64_TO_32_BIT_CONVERSION = YES;
				GCC_WARN_ABOUT_RETURN_TYPE = YES_ERROR;
				GCC_WARN_UNDECLARED_SELECTOR = YES;
				GCC_WARN_UNINITIALIZED_AUTOS = YES_AGGRESSIVE;
				GCC_WARN_UNUSED_FUNCTION = YES;
				GCC_WARN_UNUSED_VARIABLE = YES;
				IPHONEOS_DEPLOYMENT_TARGET = 9.3;
				MTL_ENABLE_DEBUG_INFO = YES;
				ONLY_ACTIVE_ARCH = YES;
				SDKROOT = iphoneos;
			};
			name = Debug;
		};
		43C56D911D216B6200C56ECC /* Release */ = {
			isa = XCBuildConfiguration;
			buildSettings = {
				ALWAYS_SEARCH_USER_PATHS = NO;
				CLANG_ANALYZER_NONNULL = YES;
				CLANG_CXX_LANGUAGE_STANDARD = "gnu++0x";
				CLANG_CXX_LIBRARY = "libc++";
				CLANG_ENABLE_MODULES = YES;
				CLANG_ENABLE_OBJC_ARC = YES;
				CLANG_WARN_BOOL_CONVERSION = YES;
				CLANG_WARN_CONSTANT_CONVERSION = YES;
				CLANG_WARN_DIRECT_OBJC_ISA_USAGE = YES_ERROR;
				CLANG_WARN_EMPTY_BODY = YES;
				CLANG_WARN_ENUM_CONVERSION = YES;
				CLANG_WARN_INT_CONVERSION = YES;
				CLANG_WARN_OBJC_ROOT_CLASS = YES_ERROR;
				CLANG_WARN_UNREACHABLE_CODE = YES;
				CLANG_WARN__DUPLICATE_METHOD_MATCH = YES;
				"CODE_SIGN_IDENTITY[sdk=iphoneos*]" = "iPhone Developer";
				COPY_PHASE_STRIP = NO;
				DEBUG_INFORMATION_FORMAT = "dwarf-with-dsym";
				ENABLE_NS_ASSERTIONS = NO;
				ENABLE_STRICT_OBJC_MSGSEND = YES;
				GCC_C_LANGUAGE_STANDARD = gnu99;
				GCC_NO_COMMON_BLOCKS = YES;
				GCC_WARN_64_TO_32_BIT_CONVERSION = YES;
				GCC_WARN_ABOUT_RETURN_TYPE = YES_ERROR;
				GCC_WARN_UNDECLARED_SELECTOR = YES;
				GCC_WARN_UNINITIALIZED_AUTOS = YES_AGGRESSIVE;
				GCC_WARN_UNUSED_FUNCTION = YES;
				GCC_WARN_UNUSED_VARIABLE = YES;
				IPHONEOS_DEPLOYMENT_TARGET = 9.3;
				MTL_ENABLE_DEBUG_INFO = NO;
				SDKROOT = iphoneos;
				VALIDATE_PRODUCT = YES;
			};
			name = Release;
		};
		43C56D931D216B6200C56ECC /* Debug */ = {
			isa = XCBuildConfiguration;
			baseConfigurationReference = EB2DAE71A68E18C2018415FD /* Pods-ClassAct.debug.xcconfig */;
			buildSettings = {
				ASSETCATALOG_COMPILER_APPICON_NAME = AppIcon;
				CODE_SIGN_IDENTITY = "iPhone Developer";
				"CODE_SIGN_IDENTITY[sdk=iphoneos*]" = "iPhone Developer";
				INFOPLIST_FILE = ClassAct/Info.plist;
				LD_RUNPATH_SEARCH_PATHS = "$(inherited) @executable_path/Frameworks";
				PRODUCT_BUNDLE_IDENTIFIER = com.detroitlabs.ClassAct;
				PRODUCT_NAME = "$(TARGET_NAME)";
				PROVISIONING_PROFILE = "";
			};
			name = Debug;
		};
		43C56D941D216B6200C56ECC /* Release */ = {
			isa = XCBuildConfiguration;
			baseConfigurationReference = 4D50ED509BC56FCEBB8F9928 /* Pods-ClassAct.release.xcconfig */;
			buildSettings = {
				ASSETCATALOG_COMPILER_APPICON_NAME = AppIcon;
				CODE_SIGN_IDENTITY = "iPhone Developer";
				"CODE_SIGN_IDENTITY[sdk=iphoneos*]" = "iPhone Developer";
				INFOPLIST_FILE = ClassAct/Info.plist;
				LD_RUNPATH_SEARCH_PATHS = "$(inherited) @executable_path/Frameworks";
				PRODUCT_BUNDLE_IDENTIFIER = com.detroitlabs.ClassAct;
				PRODUCT_NAME = "$(TARGET_NAME)";
				PROVISIONING_PROFILE = "";
			};
			name = Release;
		};
/* End XCBuildConfiguration section */

/* Begin XCConfigurationList section */
		43C56D761D216B6200C56ECC /* Build configuration list for PBXProject "ClassAct" */ = {
			isa = XCConfigurationList;
			buildConfigurations = (
				43C56D901D216B6200C56ECC /* Debug */,
				43C56D911D216B6200C56ECC /* Release */,
			);
			defaultConfigurationIsVisible = 0;
			defaultConfigurationName = Release;
		};
		43C56D921D216B6200C56ECC /* Build configuration list for PBXNativeTarget "ClassAct" */ = {
			isa = XCConfigurationList;
			buildConfigurations = (
				43C56D931D216B6200C56ECC /* Debug */,
				43C56D941D216B6200C56ECC /* Release */,
			);
			defaultConfigurationIsVisible = 0;
			defaultConfigurationName = Release;
		};
/* End XCConfigurationList section */
	};
	rootObject = 43C56D731D216B6200C56ECC /* Project object */;
}
